// !$*UTF8*$!
{
	archiveVersion = 1;
	classes = {
	};
	objectVersion = 46;
	objects = {

/* Begin PBXBuildFile section */
		040611DF1CDF26DE00F56EC9 /* HealthKit.framework in Frameworks */ = {isa = PBXBuildFile; fileRef = 040611DE1CDF26DE00F56EC9 /* HealthKit.framework */; };
		040611E51CDF272A00F56EC9 /* HealthManager.swift in Sources */ = {isa = PBXBuildFile; fileRef = 040611E41CDF272A00F56EC9 /* HealthManager.swift */; };
		04FD2E821CDB92A700832B81 /* CoreLocation.framework in Frameworks */ = {isa = PBXBuildFile; fileRef = 04FD2E811CDB92A700832B81 /* CoreLocation.framework */; };
		3A26AA671CDADCA40042D3F7 /* AppDelegate.swift in Sources */ = {isa = PBXBuildFile; fileRef = 3A26AA661CDADCA40042D3F7 /* AppDelegate.swift */; };
		3A26AA6E1CDADCA40042D3F7 /* Main.storyboard in Resources */ = {isa = PBXBuildFile; fileRef = 3A26AA6C1CDADCA40042D3F7 /* Main.storyboard */; };
		3A26AA701CDADCA40042D3F7 /* Assets.xcassets in Resources */ = {isa = PBXBuildFile; fileRef = 3A26AA6F1CDADCA40042D3F7 /* Assets.xcassets */; };
		3A26AA731CDADCA40042D3F7 /* LaunchScreen.storyboard in Resources */ = {isa = PBXBuildFile; fileRef = 3A26AA711CDADCA40042D3F7 /* LaunchScreen.storyboard */; };
		3A26AA7E1CDADCA40042D3F7 /* RunningManTests.swift in Sources */ = {isa = PBXBuildFile; fileRef = 3A26AA7D1CDADCA40042D3F7 /* RunningManTests.swift */; };
		3A26AA891CDADCA40042D3F7 /* RunningManUITests.swift in Sources */ = {isa = PBXBuildFile; fileRef = 3A26AA881CDADCA40042D3F7 /* RunningManUITests.swift */; };
		3A26AA971CDAEA1F0042D3F7 /* LoginViewController.swift in Sources */ = {isa = PBXBuildFile; fileRef = 3A26AA961CDAEA1F0042D3F7 /* LoginViewController.swift */; };
		3A26AAA01CDAEE1E0042D3F7 /* ChangePasswordViewController.swift in Sources */ = {isa = PBXBuildFile; fileRef = 3A26AA9F1CDAEE1E0042D3F7 /* ChangePasswordViewController.swift */; };
		3A26AAA21CDAEE800042D3F7 /* InfoListViewController.swift in Sources */ = {isa = PBXBuildFile; fileRef = 3A26AAA11CDAEE800042D3F7 /* InfoListViewController.swift */; };
		3A26AAA41CDAEEBD0042D3F7 /* RankingViewController.swift in Sources */ = {isa = PBXBuildFile; fileRef = 3A26AAA31CDAEEBD0042D3F7 /* RankingViewController.swift */; };
		3A26AAA61CDAEECC0042D3F7 /* UserInfoViewController.swift in Sources */ = {isa = PBXBuildFile; fileRef = 3A26AAA51CDAEECC0042D3F7 /* UserInfoViewController.swift */; };
		3A26AAA81CDAEEF50042D3F7 /* StepsRecordViewController.swift in Sources */ = {isa = PBXBuildFile; fileRef = 3A26AAA71CDAEEF50042D3F7 /* StepsRecordViewController.swift */; };
		3A26AAAA1CDAEFEE0042D3F7 /* MainViewController.swift in Sources */ = {isa = PBXBuildFile; fileRef = 3A26AAA91CDAEFEE0042D3F7 /* MainViewController.swift */; };
		3A26AAAC1CDAF0090042D3F7 /* ReleaseInfoListViewController.swift in Sources */ = {isa = PBXBuildFile; fileRef = 3A26AAAB1CDAF0090042D3F7 /* ReleaseInfoListViewController.swift */; };
		3A26AAAE1CDAF4AE0042D3F7 /* RegisterViewController.swift in Sources */ = {isa = PBXBuildFile; fileRef = 3A26AAAD1CDAF4AE0042D3F7 /* RegisterViewController.swift */; };
		3A26AAB01CDB152F0042D3F7 /* MapKit.framework in Frameworks */ = {isa = PBXBuildFile; fileRef = 3A26AAAF1CDB152F0042D3F7 /* MapKit.framework */; };
		3A26AAB21CDB83A40042D3F7 /* User.swift in Sources */ = {isa = PBXBuildFile; fileRef = 3A26AAB11CDB83A40042D3F7 /* User.swift */; };
		3A26AAB41CDB84FA0042D3F7 /* InfoList.swift in Sources */ = {isa = PBXBuildFile; fileRef = 3A26AAB31CDB84FA0042D3F7 /* InfoList.swift */; };
		3A26AAB61CDB85CD0042D3F7 /* StepsRecord.swift in Sources */ = {isa = PBXBuildFile; fileRef = 3A26AAB51CDB85CD0042D3F7 /* StepsRecord.swift */; };
		3A26AAB91CDB86DD0042D3F7 /* libsqlite3.tbd in Frameworks */ = {isa = PBXBuildFile; fileRef = 3A26AAB81CDB86DD0042D3F7 /* libsqlite3.tbd */; };
		3A26AABC1CDB87530042D3F7 /* Bridging-Header.m in Sources */ = {isa = PBXBuildFile; fileRef = 3A26AABB1CDB87530042D3F7 /* Bridging-Header.m */; };
		3A26AAC01CDB9D280042D3F7 /* NetworkTool.swift in Sources */ = {isa = PBXBuildFile; fileRef = 3A26AABF1CDB9D280042D3F7 /* NetworkTool.swift */; };
		3A26AAFE1CDE51FE0042D3F7 /* AlertMessage.swift in Sources */ = {isa = PBXBuildFile; fileRef = 3A26AAFD1CDE51FE0042D3F7 /* AlertMessage.swift */; };
		3AB0294D1CDEF16F00479AE0 /* ApplicationSession.swift in Sources */ = {isa = PBXBuildFile; fileRef = 3AB0294C1CDEF16F00479AE0 /* ApplicationSession.swift */; };
		3AB029511CDF1E7000479AE0 /* InfoListDetailController.swift in Sources */ = {isa = PBXBuildFile; fileRef = 3AB029501CDF1E7000479AE0 /* InfoListDetailController.swift */; };
		3AB029531CE24BDF00479AE0 /* ImageBase64Tool.swift in Sources */ = {isa = PBXBuildFile; fileRef = 3AB029521CE24BDF00479AE0 /* ImageBase64Tool.swift */; };
		3AB029571CE320D500479AE0 /* ServerConnectionTest.swift in Sources */ = {isa = PBXBuildFile; fileRef = 3AB029561CE320D500479AE0 /* ServerConnectionTest.swift */; };
		3AB0295B1CE3218500479AE0 /* ModelTest.swift in Sources */ = {isa = PBXBuildFile; fileRef = 3AB0295A1CE3218500479AE0 /* ModelTest.swift */; };
		3AB0295F1CE3221C00479AE0 /* LoginViewTest.swift in Sources */ = {isa = PBXBuildFile; fileRef = 3AB0295E1CE3221C00479AE0 /* LoginViewTest.swift */; };
		3AB029611CE3222700479AE0 /* RegisterViewTest.swift in Sources */ = {isa = PBXBuildFile; fileRef = 3AB029601CE3222700479AE0 /* RegisterViewTest.swift */; };
		3AB029631CE3223300479AE0 /* InfoListViewTest.swift in Sources */ = {isa = PBXBuildFile; fileRef = 3AB029621CE3223300479AE0 /* InfoListViewTest.swift */; };
		3AB029651CE3224100479AE0 /* RankViewTest.swift in Sources */ = {isa = PBXBuildFile; fileRef = 3AB029641CE3224100479AE0 /* RankViewTest.swift */; };
		3AB029671CE3224B00479AE0 /* UserInfoViewTest.swift in Sources */ = {isa = PBXBuildFile; fileRef = 3AB029661CE3224B00479AE0 /* UserInfoViewTest.swift */; };
		3AB029691CE3226B00479AE0 /* StepsRecordViewTest.swift in Sources */ = {isa = PBXBuildFile; fileRef = 3AB029681CE3226B00479AE0 /* StepsRecordViewTest.swift */; };
		3AB0296B1CE3363C00479AE0 /* SqlConnection.swift in Sources */ = {isa = PBXBuildFile; fileRef = 3AB0296A1CE3363C00479AE0 /* SqlConnection.swift */; };
/* End PBXBuildFile section */

/* Begin PBXContainerItemProxy section */
		3A26AA7A1CDADCA40042D3F7 /* PBXContainerItemProxy */ = {
			isa = PBXContainerItemProxy;
			containerPortal = 3A26AA5B1CDADCA40042D3F7 /* Project object */;
			proxyType = 1;
			remoteGlobalIDString = 3A26AA621CDADCA40042D3F7;
			remoteInfo = RunningMan;
		};
		3A26AA851CDADCA40042D3F7 /* PBXContainerItemProxy */ = {
			isa = PBXContainerItemProxy;
			containerPortal = 3A26AA5B1CDADCA40042D3F7 /* Project object */;
			proxyType = 1;
			remoteGlobalIDString = 3A26AA621CDADCA40042D3F7;
			remoteInfo = RunningMan;
		};
/* End PBXContainerItemProxy section */

/* Begin PBXFileReference section */
		040611DD1CDF26D400F56EC9 /* RunningMan.entitlements */ = {isa = PBXFileReference; lastKnownFileType = text.xml; path = RunningMan.entitlements; sourceTree = "<group>"; };
		040611DE1CDF26DE00F56EC9 /* HealthKit.framework */ = {isa = PBXFileReference; lastKnownFileType = wrapper.framework; name = HealthKit.framework; path = System/Library/Frameworks/HealthKit.framework; sourceTree = SDKROOT; };
		040611E41CDF272A00F56EC9 /* HealthManager.swift */ = {isa = PBXFileReference; fileEncoding = 4; lastKnownFileType = sourcecode.swift; path = HealthManager.swift; sourceTree = "<group>"; };
		04FD2E811CDB92A700832B81 /* CoreLocation.framework */ = {isa = PBXFileReference; lastKnownFileType = wrapper.framework; name = CoreLocation.framework; path = System/Library/Frameworks/CoreLocation.framework; sourceTree = SDKROOT; };
		3A26AA631CDADCA40042D3F7 /* RunningMan.app */ = {isa = PBXFileReference; explicitFileType = wrapper.application; includeInIndex = 0; path = RunningMan.app; sourceTree = BUILT_PRODUCTS_DIR; };
		3A26AA661CDADCA40042D3F7 /* AppDelegate.swift */ = {isa = PBXFileReference; lastKnownFileType = sourcecode.swift; path = AppDelegate.swift; sourceTree = "<group>"; };
		3A26AA6D1CDADCA40042D3F7 /* Base */ = {isa = PBXFileReference; lastKnownFileType = file.storyboard; name = Base; path = Base.lproj/Main.storyboard; sourceTree = "<group>"; };
		3A26AA6F1CDADCA40042D3F7 /* Assets.xcassets */ = {isa = PBXFileReference; lastKnownFileType = folder.assetcatalog; path = Assets.xcassets; sourceTree = "<group>"; };
		3A26AA721CDADCA40042D3F7 /* Base */ = {isa = PBXFileReference; lastKnownFileType = file.storyboard; name = Base; path = Base.lproj/LaunchScreen.storyboard; sourceTree = "<group>"; };
		3A26AA741CDADCA40042D3F7 /* Info.plist */ = {isa = PBXFileReference; lastKnownFileType = text.plist.xml; path = Info.plist; sourceTree = "<group>"; };
		3A26AA791CDADCA40042D3F7 /* RunningManTests.xctest */ = {isa = PBXFileReference; explicitFileType = wrapper.cfbundle; includeInIndex = 0; path = RunningManTests.xctest; sourceTree = BUILT_PRODUCTS_DIR; };
		3A26AA7D1CDADCA40042D3F7 /* RunningManTests.swift */ = {isa = PBXFileReference; lastKnownFileType = sourcecode.swift; path = RunningManTests.swift; sourceTree = "<group>"; };
		3A26AA7F1CDADCA40042D3F7 /* Info.plist */ = {isa = PBXFileReference; lastKnownFileType = text.plist.xml; path = Info.plist; sourceTree = "<group>"; };
		3A26AA841CDADCA40042D3F7 /* RunningManUITests.xctest */ = {isa = PBXFileReference; explicitFileType = wrapper.cfbundle; includeInIndex = 0; path = RunningManUITests.xctest; sourceTree = BUILT_PRODUCTS_DIR; };
		3A26AA881CDADCA40042D3F7 /* RunningManUITests.swift */ = {isa = PBXFileReference; lastKnownFileType = sourcecode.swift; path = RunningManUITests.swift; sourceTree = "<group>"; };
		3A26AA8A1CDADCA40042D3F7 /* Info.plist */ = {isa = PBXFileReference; lastKnownFileType = text.plist.xml; path = Info.plist; sourceTree = "<group>"; };
		3A26AA961CDAEA1F0042D3F7 /* LoginViewController.swift */ = {isa = PBXFileReference; fileEncoding = 4; lastKnownFileType = sourcecode.swift; path = LoginViewController.swift; sourceTree = "<group>"; };
		3A26AA9F1CDAEE1E0042D3F7 /* ChangePasswordViewController.swift */ = {isa = PBXFileReference; fileEncoding = 4; lastKnownFileType = sourcecode.swift; path = ChangePasswordViewController.swift; sourceTree = "<group>"; };
		3A26AAA11CDAEE800042D3F7 /* InfoListViewController.swift */ = {isa = PBXFileReference; fileEncoding = 4; lastKnownFileType = sourcecode.swift; path = InfoListViewController.swift; sourceTree = "<group>"; };
		3A26AAA31CDAEEBD0042D3F7 /* RankingViewController.swift */ = {isa = PBXFileReference; fileEncoding = 4; lastKnownFileType = sourcecode.swift; path = RankingViewController.swift; sourceTree = "<group>"; };
		3A26AAA51CDAEECC0042D3F7 /* UserInfoViewController.swift */ = {isa = PBXFileReference; fileEncoding = 4; lastKnownFileType = sourcecode.swift; path = UserInfoViewController.swift; sourceTree = "<group>"; };
		3A26AAA71CDAEEF50042D3F7 /* StepsRecordViewController.swift */ = {isa = PBXFileReference; fileEncoding = 4; lastKnownFileType = sourcecode.swift; path = StepsRecordViewController.swift; sourceTree = "<group>"; };
		3A26AAA91CDAEFEE0042D3F7 /* MainViewController.swift */ = {isa = PBXFileReference; fileEncoding = 4; lastKnownFileType = sourcecode.swift; path = MainViewController.swift; sourceTree = "<group>"; };
		3A26AAAB1CDAF0090042D3F7 /* ReleaseInfoListViewController.swift */ = {isa = PBXFileReference; fileEncoding = 4; lastKnownFileType = sourcecode.swift; path = ReleaseInfoListViewController.swift; sourceTree = "<group>"; };
		3A26AAAD1CDAF4AE0042D3F7 /* RegisterViewController.swift */ = {isa = PBXFileReference; fileEncoding = 4; lastKnownFileType = sourcecode.swift; path = RegisterViewController.swift; sourceTree = "<group>"; };
		3A26AAAF1CDB152F0042D3F7 /* MapKit.framework */ = {isa = PBXFileReference; lastKnownFileType = wrapper.framework; name = MapKit.framework; path = System/Library/Frameworks/MapKit.framework; sourceTree = SDKROOT; };
		3A26AAB11CDB83A40042D3F7 /* User.swift */ = {isa = PBXFileReference; fileEncoding = 4; lastKnownFileType = sourcecode.swift; path = User.swift; sourceTree = "<group>"; };
		3A26AAB31CDB84FA0042D3F7 /* InfoList.swift */ = {isa = PBXFileReference; fileEncoding = 4; lastKnownFileType = sourcecode.swift; path = InfoList.swift; sourceTree = "<group>"; };
		3A26AAB51CDB85CD0042D3F7 /* StepsRecord.swift */ = {isa = PBXFileReference; fileEncoding = 4; lastKnownFileType = sourcecode.swift; path = StepsRecord.swift; sourceTree = "<group>"; };
		3A26AAB81CDB86DD0042D3F7 /* libsqlite3.tbd */ = {isa = PBXFileReference; lastKnownFileType = "sourcecode.text-based-dylib-definition"; name = libsqlite3.tbd; path = usr/lib/libsqlite3.tbd; sourceTree = SDKROOT; };
		3A26AABA1CDB87530042D3F7 /* RunningMan-Bridging-Header.h */ = {isa = PBXFileReference; lastKnownFileType = sourcecode.c.h; path = "RunningMan-Bridging-Header.h"; sourceTree = "<group>"; };
		3A26AABB1CDB87530042D3F7 /* Bridging-Header.m */ = {isa = PBXFileReference; fileEncoding = 4; lastKnownFileType = sourcecode.c.objc; path = "Bridging-Header.m"; sourceTree = "<group>"; };
		3A26AABF1CDB9D280042D3F7 /* NetworkTool.swift */ = {isa = PBXFileReference; fileEncoding = 4; lastKnownFileType = sourcecode.swift; path = NetworkTool.swift; sourceTree = "<group>"; };
		3A26AAFD1CDE51FE0042D3F7 /* AlertMessage.swift */ = {isa = PBXFileReference; fileEncoding = 4; lastKnownFileType = sourcecode.swift; path = AlertMessage.swift; sourceTree = "<group>"; };
		3AB0294C1CDEF16F00479AE0 /* ApplicationSession.swift */ = {isa = PBXFileReference; fileEncoding = 4; lastKnownFileType = sourcecode.swift; path = ApplicationSession.swift; sourceTree = "<group>"; };
		3AB029501CDF1E7000479AE0 /* InfoListDetailController.swift */ = {isa = PBXFileReference; fileEncoding = 4; lastKnownFileType = sourcecode.swift; path = InfoListDetailController.swift; sourceTree = "<group>"; };
		3AB029521CE24BDF00479AE0 /* ImageBase64Tool.swift */ = {isa = PBXFileReference; fileEncoding = 4; lastKnownFileType = sourcecode.swift; path = ImageBase64Tool.swift; sourceTree = "<group>"; };
		3AB029561CE320D500479AE0 /* ServerConnectionTest.swift */ = {isa = PBXFileReference; fileEncoding = 4; lastKnownFileType = sourcecode.swift; path = ServerConnectionTest.swift; sourceTree = "<group>"; };
		3AB0295A1CE3218500479AE0 /* ModelTest.swift */ = {isa = PBXFileReference; fileEncoding = 4; lastKnownFileType = sourcecode.swift; path = ModelTest.swift; sourceTree = "<group>"; };
		3AB0295E1CE3221C00479AE0 /* LoginViewTest.swift */ = {isa = PBXFileReference; fileEncoding = 4; lastKnownFileType = sourcecode.swift; path = LoginViewTest.swift; sourceTree = "<group>"; };
		3AB029601CE3222700479AE0 /* RegisterViewTest.swift */ = {isa = PBXFileReference; fileEncoding = 4; lastKnownFileType = sourcecode.swift; path = RegisterViewTest.swift; sourceTree = "<group>"; };
		3AB029621CE3223300479AE0 /* InfoListViewTest.swift */ = {isa = PBXFileReference; fileEncoding = 4; lastKnownFileType = sourcecode.swift; path = InfoListViewTest.swift; sourceTree = "<group>"; };
		3AB029641CE3224100479AE0 /* RankViewTest.swift */ = {isa = PBXFileReference; fileEncoding = 4; lastKnownFileType = sourcecode.swift; path = RankViewTest.swift; sourceTree = "<group>"; };
		3AB029661CE3224B00479AE0 /* UserInfoViewTest.swift */ = {isa = PBXFileReference; fileEncoding = 4; lastKnownFileType = sourcecode.swift; path = UserInfoViewTest.swift; sourceTree = "<group>"; };
		3AB029681CE3226B00479AE0 /* StepsRecordViewTest.swift */ = {isa = PBXFileReference; fileEncoding = 4; lastKnownFileType = sourcecode.swift; path = StepsRecordViewTest.swift; sourceTree = "<group>"; };
		3AB0296A1CE3363C00479AE0 /* SqlConnection.swift */ = {isa = PBXFileReference; fileEncoding = 4; lastKnownFileType = sourcecode.swift; path = SqlConnection.swift; sourceTree = "<group>"; };
/* End PBXFileReference section */

/* Begin PBXFrameworksBuildPhase section */
		3A26AA601CDADCA40042D3F7 /* Frameworks */ = {
			isa = PBXFrameworksBuildPhase;
			buildActionMask = 2147483647;
			files = (
				04FD2E821CDB92A700832B81 /* CoreLocation.framework in Frameworks */,
				040611DF1CDF26DE00F56EC9 /* HealthKit.framework in Frameworks */,
				3A26AAB91CDB86DD0042D3F7 /* libsqlite3.tbd in Frameworks */,
				3A26AAB01CDB152F0042D3F7 /* MapKit.framework in Frameworks */,
			);
			runOnlyForDeploymentPostprocessing = 0;
		};
		3A26AA761CDADCA40042D3F7 /* Frameworks */ = {
			isa = PBXFrameworksBuildPhase;
			buildActionMask = 2147483647;
			files = (
			);
			runOnlyForDeploymentPostprocessing = 0;
		};
		3A26AA811CDADCA40042D3F7 /* Frameworks */ = {
			isa = PBXFrameworksBuildPhase;
			buildActionMask = 2147483647;
			files = (
			);
			runOnlyForDeploymentPostprocessing = 0;
		};
/* End PBXFrameworksBuildPhase section */

/* Begin PBXGroup section */
		3A26AA5A1CDADCA40042D3F7 = {
			isa = PBXGroup;
			children = (
				040611DE1CDF26DE00F56EC9 /* HealthKit.framework */,
				04FD2E811CDB92A700832B81 /* CoreLocation.framework */,
				3A26AAB81CDB86DD0042D3F7 /* libsqlite3.tbd */,
				3A26AAAF1CDB152F0042D3F7 /* MapKit.framework */,
				3A26AA651CDADCA40042D3F7 /* RunningMan */,
				3A26AA7C1CDADCA40042D3F7 /* RunningManTests */,
				3A26AA871CDADCA40042D3F7 /* RunningManUITests */,
				3A26AA641CDADCA40042D3F7 /* Products */,
			);
			sourceTree = "<group>";
		};
		3A26AA641CDADCA40042D3F7 /* Products */ = {
			isa = PBXGroup;
			children = (
				3A26AA631CDADCA40042D3F7 /* RunningMan.app */,
				3A26AA791CDADCA40042D3F7 /* RunningManTests.xctest */,
				3A26AA841CDADCA40042D3F7 /* RunningManUITests.xctest */,
			);
			name = Products;
			sourceTree = "<group>";
		};
		3A26AA651CDADCA40042D3F7 /* RunningMan */ = {
			isa = PBXGroup;
			children = (
				040611DD1CDF26D400F56EC9 /* RunningMan.entitlements */,
				3A26AA661CDADCA40042D3F7 /* AppDelegate.swift */,
				3A26AAB71CDB86950042D3F7 /* Tools */,
				3A26AA9A1CDAED0F0042D3F7 /* Models */,
				3A26AA991CDAECEB0042D3F7 /* Controller */,
				3A26AA6C1CDADCA40042D3F7 /* Main.storyboard */,
				3A26AA6F1CDADCA40042D3F7 /* Assets.xcassets */,
				3A26AA711CDADCA40042D3F7 /* LaunchScreen.storyboard */,
				3A26AA741CDADCA40042D3F7 /* Info.plist */,
			);
			path = RunningMan;
			sourceTree = "<group>";
		};
		3A26AA7C1CDADCA40042D3F7 /* RunningManTests */ = {
			isa = PBXGroup;
			children = (
				3AB0295A1CE3218500479AE0 /* ModelTest.swift */,
				3AB029561CE320D500479AE0 /* ServerConnectionTest.swift */,
				3A26AA7D1CDADCA40042D3F7 /* RunningManTests.swift */,
				3A26AA7F1CDADCA40042D3F7 /* Info.plist */,
			);
			path = RunningManTests;
			sourceTree = "<group>";
		};
		3A26AA871CDADCA40042D3F7 /* RunningManUITests */ = {
			isa = PBXGroup;
			children = (
				3AB029681CE3226B00479AE0 /* StepsRecordViewTest.swift */,
				3AB029661CE3224B00479AE0 /* UserInfoViewTest.swift */,
				3AB029641CE3224100479AE0 /* RankViewTest.swift */,
				3AB029621CE3223300479AE0 /* InfoListViewTest.swift */,
				3AB029601CE3222700479AE0 /* RegisterViewTest.swift */,
				3AB0295E1CE3221C00479AE0 /* LoginViewTest.swift */,
				3A26AA881CDADCA40042D3F7 /* RunningManUITests.swift */,
				3A26AA8A1CDADCA40042D3F7 /* Info.plist */,
			);
			path = RunningManUITests;
			sourceTree = "<group>";
		};
		3A26AA991CDAECEB0042D3F7 /* Controller */ = {
			isa = PBXGroup;
			children = (
				3A26AAA11CDAEE800042D3F7 /* InfoListViewController.swift */,
				3A26AAA31CDAEEBD0042D3F7 /* RankingViewController.swift */,
				3A26AAA91CDAEFEE0042D3F7 /* MainViewController.swift */,
				3A26AA961CDAEA1F0042D3F7 /* LoginViewController.swift */,
				3A26AAAB1CDAF0090042D3F7 /* ReleaseInfoListViewController.swift */,
				3A26AAA71CDAEEF50042D3F7 /* StepsRecordViewController.swift */,
				3A26AAA51CDAEECC0042D3F7 /* UserInfoViewController.swift */,
				3A26AA9F1CDAEE1E0042D3F7 /* ChangePasswordViewController.swift */,
				3A26AAAD1CDAF4AE0042D3F7 /* RegisterViewController.swift */,
				3AB029501CDF1E7000479AE0 /* InfoListDetailController.swift */,
			);
			name = Controller;
			sourceTree = "<group>";
		};
		3A26AA9A1CDAED0F0042D3F7 /* Models */ = {
			isa = PBXGroup;
			children = (
				3A26AAB11CDB83A40042D3F7 /* User.swift */,
				3A26AAB31CDB84FA0042D3F7 /* InfoList.swift */,
				3A26AAB51CDB85CD0042D3F7 /* StepsRecord.swift */,
			);
			name = Models;
			sourceTree = "<group>";
		};
		3A26AAB71CDB86950042D3F7 /* Tools */ = {
			isa = PBXGroup;
			children = (
				3AB0296A1CE3363C00479AE0 /* SqlConnection.swift */,
				3A26AABB1CDB87530042D3F7 /* Bridging-Header.m */,
				3A26AABA1CDB87530042D3F7 /* RunningMan-Bridging-Header.h */,
				3A26AABF1CDB9D280042D3F7 /* NetworkTool.swift */,
				3A26AAFD1CDE51FE0042D3F7 /* AlertMessage.swift */,
				3AB0294C1CDEF16F00479AE0 /* ApplicationSession.swift */,
				040611E41CDF272A00F56EC9 /* HealthManager.swift */,
				3AB029521CE24BDF00479AE0 /* ImageBase64Tool.swift */,
			);
			name = Tools;
			sourceTree = "<group>";
		};
/* End PBXGroup section */

/* Begin PBXNativeTarget section */
		3A26AA621CDADCA40042D3F7 /* RunningMan */ = {
			isa = PBXNativeTarget;
			buildConfigurationList = 3A26AA8D1CDADCA40042D3F7 /* Build configuration list for PBXNativeTarget "RunningMan" */;
			buildPhases = (
				3A26AA5F1CDADCA40042D3F7 /* Sources */,
				3A26AA601CDADCA40042D3F7 /* Frameworks */,
				3A26AA611CDADCA40042D3F7 /* Resources */,
			);
			buildRules = (
			);
			dependencies = (
			);
			name = RunningMan;
			productName = RunningMan;
			productReference = 3A26AA631CDADCA40042D3F7 /* RunningMan.app */;
			productType = "com.apple.product-type.application";
		};
		3A26AA781CDADCA40042D3F7 /* RunningManTests */ = {
			isa = PBXNativeTarget;
			buildConfigurationList = 3A26AA901CDADCA40042D3F7 /* Build configuration list for PBXNativeTarget "RunningManTests" */;
			buildPhases = (
				3A26AA751CDADCA40042D3F7 /* Sources */,
				3A26AA761CDADCA40042D3F7 /* Frameworks */,
				3A26AA771CDADCA40042D3F7 /* Resources */,
			);
			buildRules = (
			);
			dependencies = (
				3A26AA7B1CDADCA40042D3F7 /* PBXTargetDependency */,
			);
			name = RunningManTests;
			productName = RunningManTests;
			productReference = 3A26AA791CDADCA40042D3F7 /* RunningManTests.xctest */;
			productType = "com.apple.product-type.bundle.unit-test";
		};
		3A26AA831CDADCA40042D3F7 /* RunningManUITests */ = {
			isa = PBXNativeTarget;
			buildConfigurationList = 3A26AA931CDADCA40042D3F7 /* Build configuration list for PBXNativeTarget "RunningManUITests" */;
			buildPhases = (
				3A26AA801CDADCA40042D3F7 /* Sources */,
				3A26AA811CDADCA40042D3F7 /* Frameworks */,
				3A26AA821CDADCA40042D3F7 /* Resources */,
			);
			buildRules = (
			);
			dependencies = (
				3A26AA861CDADCA40042D3F7 /* PBXTargetDependency */,
			);
			name = RunningManUITests;
			productName = RunningManUITests;
			productReference = 3A26AA841CDADCA40042D3F7 /* RunningManUITests.xctest */;
			productType = "com.apple.product-type.bundle.ui-testing";
		};
/* End PBXNativeTarget section */

/* Begin PBXProject section */
		3A26AA5B1CDADCA40042D3F7 /* Project object */ = {
			isa = PBXProject;
			attributes = {
				LastSwiftUpdateCheck = 0730;
				LastUpgradeCheck = 0730;
				ORGANIZATIONNAME = Group16;
				TargetAttributes = {
					3A26AA621CDADCA40042D3F7 = {
						CreatedOnToolsVersion = 7.3;
						DevelopmentTeam = 6X894MU7DP;
						SystemCapabilities = {
							com.apple.HealthKit = {
								enabled = 1;
							};
						};
					};
					3A26AA781CDADCA40042D3F7 = {
						CreatedOnToolsVersion = 7.3;
						TestTargetID = 3A26AA621CDADCA40042D3F7;
					};
					3A26AA831CDADCA40042D3F7 = {
						CreatedOnToolsVersion = 7.3;
						TestTargetID = 3A26AA621CDADCA40042D3F7;
					};
				};
			};
			buildConfigurationList = 3A26AA5E1CDADCA40042D3F7 /* Build configuration list for PBXProject "RunningMan" */;
			compatibilityVersion = "Xcode 3.2";
			developmentRegion = English;
			hasScannedForEncodings = 0;
			knownRegions = (
				en,
				Base,
			);
			mainGroup = 3A26AA5A1CDADCA40042D3F7;
			productRefGroup = 3A26AA641CDADCA40042D3F7 /* Products */;
			projectDirPath = "";
			projectRoot = "";
			targets = (
				3A26AA621CDADCA40042D3F7 /* RunningMan */,
				3A26AA781CDADCA40042D3F7 /* RunningManTests */,
				3A26AA831CDADCA40042D3F7 /* RunningManUITests */,
			);
		};
/* End PBXProject section */

/* Begin PBXResourcesBuildPhase section */
		3A26AA611CDADCA40042D3F7 /* Resources */ = {
			isa = PBXResourcesBuildPhase;
			buildActionMask = 2147483647;
			files = (
				3A26AA731CDADCA40042D3F7 /* LaunchScreen.storyboard in Resources */,
				3A26AA701CDADCA40042D3F7 /* Assets.xcassets in Resources */,
				3A26AA6E1CDADCA40042D3F7 /* Main.storyboard in Resources */,
			);
			runOnlyForDeploymentPostprocessing = 0;
		};
		3A26AA771CDADCA40042D3F7 /* Resources */ = {
			isa = PBXResourcesBuildPhase;
			buildActionMask = 2147483647;
			files = (
			);
			runOnlyForDeploymentPostprocessing = 0;
		};
		3A26AA821CDADCA40042D3F7 /* Resources */ = {
			isa = PBXResourcesBuildPhase;
			buildActionMask = 2147483647;
			files = (
			);
			runOnlyForDeploymentPostprocessing = 0;
		};
/* End PBXResourcesBuildPhase section */

/* Begin PBXSourcesBuildPhase section */
		3A26AA5F1CDADCA40042D3F7 /* Sources */ = {
			isa = PBXSourcesBuildPhase;
			buildActionMask = 2147483647;
			files = (
				3AB0296B1CE3363C00479AE0 /* SqlConnection.swift in Sources */,
				3A26AAAC1CDAF0090042D3F7 /* ReleaseInfoListViewController.swift in Sources */,
				3A26AAB41CDB84FA0042D3F7 /* InfoList.swift in Sources */,
				3AB029531CE24BDF00479AE0 /* ImageBase64Tool.swift in Sources */,
				3A26AAFE1CDE51FE0042D3F7 /* AlertMessage.swift in Sources */,
				3A26AAAE1CDAF4AE0042D3F7 /* RegisterViewController.swift in Sources */,
				3A26AA971CDAEA1F0042D3F7 /* LoginViewController.swift in Sources */,
				3A26AAC01CDB9D280042D3F7 /* NetworkTool.swift in Sources */,
				3A26AAA81CDAEEF50042D3F7 /* StepsRecordViewController.swift in Sources */,
				3A26AAA21CDAEE800042D3F7 /* InfoListViewController.swift in Sources */,
				3A26AAA61CDAEECC0042D3F7 /* UserInfoViewController.swift in Sources */,
				3A26AAA01CDAEE1E0042D3F7 /* ChangePasswordViewController.swift in Sources */,
				3A26AA671CDADCA40042D3F7 /* AppDelegate.swift in Sources */,
				3AB029511CDF1E7000479AE0 /* InfoListDetailController.swift in Sources */,
				3A26AAA41CDAEEBD0042D3F7 /* RankingViewController.swift in Sources */,
				3AB0294D1CDEF16F00479AE0 /* ApplicationSession.swift in Sources */,
				3A26AABC1CDB87530042D3F7 /* Bridging-Header.m in Sources */,
				3A26AAAA1CDAEFEE0042D3F7 /* MainViewController.swift in Sources */,
				3A26AAB21CDB83A40042D3F7 /* User.swift in Sources */,
				3A26AAB61CDB85CD0042D3F7 /* StepsRecord.swift in Sources */,
				040611E51CDF272A00F56EC9 /* HealthManager.swift in Sources */,
			);
			runOnlyForDeploymentPostprocessing = 0;
		};
		3A26AA751CDADCA40042D3F7 /* Sources */ = {
			isa = PBXSourcesBuildPhase;
			buildActionMask = 2147483647;
			files = (
				3AB029571CE320D500479AE0 /* ServerConnectionTest.swift in Sources */,
				3A26AA7E1CDADCA40042D3F7 /* RunningManTests.swift in Sources */,
				3AB0295B1CE3218500479AE0 /* ModelTest.swift in Sources */,
			);
			runOnlyForDeploymentPostprocessing = 0;
		};
		3A26AA801CDADCA40042D3F7 /* Sources */ = {
			isa = PBXSourcesBuildPhase;
			buildActionMask = 2147483647;
			files = (
				3AB029631CE3223300479AE0 /* InfoListViewTest.swift in Sources */,
				3AB029671CE3224B00479AE0 /* UserInfoViewTest.swift in Sources */,
				3AB029651CE3224100479AE0 /* RankViewTest.swift in Sources */,
				3AB0295F1CE3221C00479AE0 /* LoginViewTest.swift in Sources */,
				3AB029611CE3222700479AE0 /* RegisterViewTest.swift in Sources */,
				3AB029691CE3226B00479AE0 /* StepsRecordViewTest.swift in Sources */,
				3A26AA891CDADCA40042D3F7 /* RunningManUITests.swift in Sources */,
			);
			runOnlyForDeploymentPostprocessing = 0;
		};
/* End PBXSourcesBuildPhase section */

/* Begin PBXTargetDependency section */
		3A26AA7B1CDADCA40042D3F7 /* PBXTargetDependency */ = {
			isa = PBXTargetDependency;
			target = 3A26AA621CDADCA40042D3F7 /* RunningMan */;
			targetProxy = 3A26AA7A1CDADCA40042D3F7 /* PBXContainerItemProxy */;
		};
		3A26AA861CDADCA40042D3F7 /* PBXTargetDependency */ = {
			isa = PBXTargetDependency;
			target = 3A26AA621CDADCA40042D3F7 /* RunningMan */;
			targetProxy = 3A26AA851CDADCA40042D3F7 /* PBXContainerItemProxy */;
		};
/* End PBXTargetDependency section */

/* Begin PBXVariantGroup section */
		3A26AA6C1CDADCA40042D3F7 /* Main.storyboard */ = {
			isa = PBXVariantGroup;
			children = (
				3A26AA6D1CDADCA40042D3F7 /* Base */,
			);
			name = Main.storyboard;
			sourceTree = "<group>";
		};
		3A26AA711CDADCA40042D3F7 /* LaunchScreen.storyboard */ = {
			isa = PBXVariantGroup;
			children = (
				3A26AA721CDADCA40042D3F7 /* Base */,
			);
			name = LaunchScreen.storyboard;
			sourceTree = "<group>";
		};
/* End PBXVariantGroup section */

/* Begin XCBuildConfiguration section */
		3A26AA8B1CDADCA40042D3F7 /* Debug */ = {
			isa = XCBuildConfiguration;
			buildSettings = {
				ALWAYS_SEARCH_USER_PATHS = NO;
				CLANG_ANALYZER_NONNULL = YES;
				CLANG_CXX_LANGUAGE_STANDARD = "gnu++0x";
				CLANG_CXX_LIBRARY = "libc++";
				CLANG_ENABLE_MODULES = YES;
				CLANG_ENABLE_OBJC_ARC = YES;
				CLANG_WARN_BOOL_CONVERSION = YES;
				CLANG_WARN_CONSTANT_CONVERSION = YES;
				CLANG_WARN_DIRECT_OBJC_ISA_USAGE = YES_ERROR;
				CLANG_WARN_EMPTY_BODY = YES;
				CLANG_WARN_ENUM_CONVERSION = YES;
				CLANG_WARN_INT_CONVERSION = YES;
				CLANG_WARN_OBJC_ROOT_CLASS = YES_ERROR;
				CLANG_WARN_UNREACHABLE_CODE = YES;
				CLANG_WARN__DUPLICATE_METHOD_MATCH = YES;
				"CODE_SIGN_IDENTITY[sdk=iphoneos*]" = "iPhone Developer";
				COPY_PHASE_STRIP = NO;
				DEBUG_INFORMATION_FORMAT = dwarf;
				ENABLE_STRICT_OBJC_MSGSEND = YES;
				ENABLE_TESTABILITY = YES;
				GCC_C_LANGUAGE_STANDARD = gnu99;
				GCC_DYNAMIC_NO_PIC = NO;
				GCC_NO_COMMON_BLOCKS = YES;
				GCC_OPTIMIZATION_LEVEL = 0;
				GCC_PREPROCESSOR_DEFINITIONS = (
					"DEBUG=1",
					"$(inherited)",
				);
				GCC_WARN_64_TO_32_BIT_CONVERSION = YES;
				GCC_WARN_ABOUT_RETURN_TYPE = YES_ERROR;
				GCC_WARN_UNDECLARED_SELECTOR = YES;
				GCC_WARN_UNINITIALIZED_AUTOS = YES_AGGRESSIVE;
				GCC_WARN_UNUSED_FUNCTION = YES;
				GCC_WARN_UNUSED_VARIABLE = YES;
				IPHONEOS_DEPLOYMENT_TARGET = 9.3;
				MTL_ENABLE_DEBUG_INFO = YES;
				ONLY_ACTIVE_ARCH = YES;
				SDKROOT = iphoneos;
				SWIFT_OPTIMIZATION_LEVEL = "-Onone";
			};
			name = Debug;
		};
		3A26AA8C1CDADCA40042D3F7 /* Release */ = {
			isa = XCBuildConfiguration;
			buildSettings = {
				ALWAYS_SEARCH_USER_PATHS = NO;
				CLANG_ANALYZER_NONNULL = YES;
				CLANG_CXX_LANGUAGE_STANDARD = "gnu++0x";
				CLANG_CXX_LIBRARY = "libc++";
				CLANG_ENABLE_MODULES = YES;
				CLANG_ENABLE_OBJC_ARC = YES;
				CLANG_WARN_BOOL_CONVERSION = YES;
				CLANG_WARN_CONSTANT_CONVERSION = YES;
				CLANG_WARN_DIRECT_OBJC_ISA_USAGE = YES_ERROR;
				CLANG_WARN_EMPTY_BODY = YES;
				CLANG_WARN_ENUM_CONVERSION = YES;
				CLANG_WARN_INT_CONVERSION = YES;
				CLANG_WARN_OBJC_ROOT_CLASS = YES_ERROR;
				CLANG_WARN_UNREACHABLE_CODE = YES;
				CLANG_WARN__DUPLICATE_METHOD_MATCH = YES;
				"CODE_SIGN_IDENTITY[sdk=iphoneos*]" = "iPhone Developer";
				COPY_PHASE_STRIP = NO;
				DEBUG_INFORMATION_FORMAT = "dwarf-with-dsym";
				ENABLE_NS_ASSERTIONS = NO;
				ENABLE_STRICT_OBJC_MSGSEND = YES;
				GCC_C_LANGUAGE_STANDARD = gnu99;
				GCC_NO_COMMON_BLOCKS = YES;
				GCC_WARN_64_TO_32_BIT_CONVERSION = YES;
				GCC_WARN_ABOUT_RETURN_TYPE = YES_ERROR;
				GCC_WARN_UNDECLARED_SELECTOR = YES;
				GCC_WARN_UNINITIALIZED_AUTOS = YES_AGGRESSIVE;
				GCC_WARN_UNUSED_FUNCTION = YES;
				GCC_WARN_UNUSED_VARIABLE = YES;
				IPHONEOS_DEPLOYMENT_TARGET = 9.3;
				MTL_ENABLE_DEBUG_INFO = NO;
				SDKROOT = iphoneos;
				VALIDATE_PRODUCT = YES;
			};
			name = Release;
		};
		3A26AA8E1CDADCA40042D3F7 /* Debug */ = {
			isa = XCBuildConfiguration;
			buildSettings = {
				ASSETCATALOG_COMPILER_APPICON_NAME = AppIcon;
				ASSETCATALOG_COMPILER_LAUNCHIMAGE_NAME = LaunchImage;
				CLANG_ENABLE_MODULES = YES;
				CODE_SIGN_ENTITLEMENTS = RunningMan/RunningMan.entitlements;
				INFOPLIST_FILE = RunningMan/Info.plist;
				LD_RUNPATH_SEARCH_PATHS = "$(inherited) @executable_path/Frameworks";
				PRODUCT_BUNDLE_IDENTIFIER = sg.edu.nus.iss.RunningMan;
				PRODUCT_NAME = "$(TARGET_NAME)";
				SWIFT_OBJC_BRIDGING_HEADER = "RunningMan/RunningMan-Bridging-Header.h";
				SWIFT_OPTIMIZATION_LEVEL = "-Onone";
			};
			name = Debug;
		};
		3A26AA8F1CDADCA40042D3F7 /* Release */ = {
			isa = XCBuildConfiguration;
			buildSettings = {
				ASSETCATALOG_COMPILER_APPICON_NAME = AppIcon;
				ASSETCATALOG_COMPILER_LAUNCHIMAGE_NAME = LaunchImage;
				CLANG_ENABLE_MODULES = YES;
				CODE_SIGN_ENTITLEMENTS = RunningMan/RunningMan.entitlements;
				INFOPLIST_FILE = RunningMan/Info.plist;
				LD_RUNPATH_SEARCH_PATHS = "$(inherited) @executable_path/Frameworks";
				PRODUCT_BUNDLE_IDENTIFIER = sg.edu.nus.iss.RunningMan;
				PRODUCT_NAME = "$(TARGET_NAME)";
				SWIFT_OBJC_BRIDGING_HEADER = "RunningMan/RunningMan-Bridging-Header.h";
			};
			name = Release;
		};
		3A26AA911CDADCA40042D3F7 /* Debug */ = {
			isa = XCBuildConfiguration;
			buildSettings = {
				BUNDLE_LOADER = "$(TEST_HOST)";
				INFOPLIST_FILE = RunningManTests/Info.plist;
				LD_RUNPATH_SEARCH_PATHS = "$(inherited) @executable_path/Frameworks @loader_path/Frameworks";
				PRODUCT_BUNDLE_IDENTIFIER = sg.edu.nus.iss.RunningManTests;
				PRODUCT_NAME = "$(TARGET_NAME)";
				TEST_HOST = "$(BUILT_PRODUCTS_DIR)/RunningMan.app/RunningMan";
			};
			name = Debug;
		};
		3A26AA921CDADCA40042D3F7 /* Release */ = {
			isa = XCBuildConfiguration;
			buildSettings = {
				BUNDLE_LOADER = "$(TEST_HOST)";
				INFOPLIST_FILE = RunningManTests/Info.plist;
				LD_RUNPATH_SEARCH_PATHS = "$(inherited) @executable_path/Frameworks @loader_path/Frameworks";
				PRODUCT_BUNDLE_IDENTIFIER = sg.edu.nus.iss.RunningManTests;
				PRODUCT_NAME = "$(TARGET_NAME)";
				TEST_HOST = "$(BUILT_PRODUCTS_DIR)/RunningMan.app/RunningMan";
			};
			name = Release;
		};
		3A26AA941CDADCA40042D3F7 /* Debug */ = {
			isa = XCBuildConfiguration;
			buildSettings = {
				INFOPLIST_FILE = RunningManUITests/Info.plist;
				LD_RUNPATH_SEARCH_PATHS = "$(inherited) @executable_path/Frameworks @loader_path/Frameworks";
				PRODUCT_BUNDLE_IDENTIFIER = sg.edu.nus.iss.RunningManUITests;
				PRODUCT_NAME = "$(TARGET_NAME)";
				TEST_TARGET_NAME = RunningMan;
			};
			name = Debug;
		};
		3A26AA951CDADCA40042D3F7 /* Release */ = {
			isa = XCBuildConfiguration;
			buildSettings = {
				INFOPLIST_FILE = RunningManUITests/Info.plist;
				LD_RUNPATH_SEARCH_PATHS = "$(inherited) @executable_path/Frameworks @loader_path/Frameworks";
				PRODUCT_BUNDLE_IDENTIFIER = sg.edu.nus.iss.RunningManUITests;
				PRODUCT_NAME = "$(TARGET_NAME)";
				TEST_TARGET_NAME = RunningMan;
			};
			name = Release;
		};
/* End XCBuildConfiguration section */

/* Begin XCConfigurationList section */
		3A26AA5E1CDADCA40042D3F7 /* Build configuration list for PBXProject "RunningMan" */ = {
			isa = XCConfigurationList;
			buildConfigurations = (
				3A26AA8B1CDADCA40042D3F7 /* Debug */,
				3A26AA8C1CDADCA40042D3F7 /* Release */,
			);
			defaultConfigurationIsVisible = 0;
			defaultConfigurationName = Release;
		};
		3A26AA8D1CDADCA40042D3F7 /* Build configuration list for PBXNativeTarget "RunningMan" */ = {
			isa = XCConfigurationList;
			buildConfigurations = (
				3A26AA8E1CDADCA40042D3F7 /* Debug */,
				3A26AA8F1CDADCA40042D3F7 /* Release */,
			);
			defaultConfigurationIsVisible = 0;
			defaultConfigurationName = Release;
		};
		3A26AA901CDADCA40042D3F7 /* Build configuration list for PBXNativeTarget "RunningManTests" */ = {
			isa = XCConfigurationList;
			buildConfigurations = (
				3A26AA911CDADCA40042D3F7 /* Debug */,
				3A26AA921CDADCA40042D3F7 /* Release */,
			);
			defaultConfigurationIsVisible = 0;
			defaultConfigurationName = Release;
		};
		3A26AA931CDADCA40042D3F7 /* Build configuration list for PBXNativeTarget "RunningManUITests" */ = {
			isa = XCConfigurationList;
			buildConfigurations = (
				3A26AA941CDADCA40042D3F7 /* Debug */,
				3A26AA951CDADCA40042D3F7 /* Release */,
			);
			defaultConfigurationIsVisible = 0;
			defaultConfigurationName = Release;
		};
/* End XCConfigurationList section */
	};
	rootObject = 3A26AA5B1CDADCA40042D3F7 /* Project object */;
}
